
Microsoft Visual Studio Solution File, Format Version 12.00
# Visual Studio Version 17
VisualStudioVersion = 17.14.36127.28 d17.14
MinimumVisualStudioVersion = 10.0.40219.1
Project("{FAE04EC0-301F-11D3-BF4B-00C04F79EFBC}") = "CSfitter", "CSfitter\CSfitter.csproj", "{B8F45CB3-1FD3-4604-A9E3-CCD9F8041DF0}"
EndProject
Global
	GlobalSection(SolutionConfigurationPlatforms) = preSolution
		Debug|Any CPU = Debug|Any CPU
		Debug|x64 = Debug|x64
		Release|Any CPU = Release|Any CPU
		Release|x64 = Release|x64
	EndGlobalSection
	GlobalSection(ProjectConfigurationPlatforms) = postSolution
		{B8F45CB3-1FD3-4604-A9E3-CCD9F8041DF0}.Debug|Any CPU.ActiveCfg = Debug|Any CPU
		{B8F45CB3-1FD3-4604-A9E3-CCD9F8041DF0}.Debug|Any CPU.Build.0 = Debug|Any CPU
		{B8F45CB3-1FD3-4604-A9E3-CCD9F8041DF0}.Debug|x64.ActiveCfg = Debug|x64
		{B8F45CB3-1FD3-4604-A9E3-CCD9F8041DF0}.Debug|x64.Build.0 = Debug|x64
		{B8F45CB3-1FD3-4604-A9E3-CCD9F8041DF0}.Release|Any CPU.ActiveCfg = Release|Any CPU
		{B8F45CB3-1FD3-4604-A9E3-CCD9F8041DF0}.Release|Any CPU.Build.0 = Release|Any CPU
		{B8F45CB3-1FD3-4604-A9E3-CCD9F8041DF0}.Release|x64.ActiveCfg = Release|x64
		{B8F45CB3-1FD3-4604-A9E3-CCD9F8041DF0}.Release|x64.Build.0 = Release|x64
	EndGlobalSection
	GlobalSection(SolutionProperties) = preSolution
		HideSolutionNode = FALSE
	EndGlobalSection
	GlobalSection(ExtensibilityGlobals) = postSolution
		SolutionGuid = {99191A6D-F80A-4C6F-934B-37D6B396D802}
	EndGlobalSection
EndGlobal
